// !$*UTF8*$!
{
	archiveVersion = 1;
	classes = {
	};
	objectVersion = 55;
	objects = {

/* Begin PBXBuildFile section */
		8B6233D927BC791D00935DC2 /* MultipleMeshTestApp.swift in Sources */ = {isa = PBXBuildFile; fileRef = 8B6233D827BC791D00935DC2 /* MultipleMeshTestApp.swift */; };
		8B6233DB27BC791D00935DC2 /* ContentView.swift in Sources */ = {isa = PBXBuildFile; fileRef = 8B6233DA27BC791D00935DC2 /* ContentView.swift */; };
		8B6233DD27BC792000935DC2 /* Assets.xcassets in Resources */ = {isa = PBXBuildFile; fileRef = 8B6233DC27BC792000935DC2 /* Assets.xcassets */; };
		8B6233E027BC792000935DC2 /* Preview Assets.xcassets in Resources */ = {isa = PBXBuildFile; fileRef = 8B6233DF27BC792000935DC2 /* Preview Assets.xcassets */; };
		8B6233E727BC796800935DC2 /* MetalView.swift in Sources */ = {isa = PBXBuildFile; fileRef = 8B6233E627BC796800935DC2 /* MetalView.swift */; };
		8B6233E927BC79A500935DC2 /* Engine.swift in Sources */ = {isa = PBXBuildFile; fileRef = 8B6233E827BC79A500935DC2 /* Engine.swift */; };
		8B6233EB27BC7AAB00935DC2 /* Shaders.metal in Sources */ = {isa = PBXBuildFile; fileRef = 8B6233EA27BC7AAB00935DC2 /* Shaders.metal */; };
		8B6233ED27BCBF2D00935DC2 /* VertexTypes.swift in Sources */ = {isa = PBXBuildFile; fileRef = 8B6233EC27BCBF2D00935DC2 /* VertexTypes.swift */; };
		8B6233EF27BCC57E00935DC2 /* MetalData.swift in Sources */ = {isa = PBXBuildFile; fileRef = 8B6233EE27BCC57E00935DC2 /* MetalData.swift */; };
		8B6233F127BDE19800935DC2 /* picture.png in Resources */ = {isa = PBXBuildFile; fileRef = 8B6233F027BDE19800935DC2 /* picture.png */; };
		8B6233F327BDE7C400935DC2 /* bike.png in Resources */ = {isa = PBXBuildFile; fileRef = 8B6233F227BDE7C400935DC2 /* bike.png */; };
		8B6233F527BDF1E800935DC2 /* giraffe.png in Resources */ = {isa = PBXBuildFile; fileRef = 8B6233F427BDF1E800935DC2 /* giraffe.png */; };
		8B6233F727BE178500935DC2 /* ContentTypes.swift in Sources */ = {isa = PBXBuildFile; fileRef = 8B6233F627BE178500935DC2 /* ContentTypes.swift */; };
		8B6233F927BE17E400935DC2 /* MetalView+Gesture.swift in Sources */ = {isa = PBXBuildFile; fileRef = 8B6233F827BE17E400935DC2 /* MetalView+Gesture.swift */; };
/* End PBXBuildFile section */

/* Begin PBXFileReference section */
		8B6233D527BC791D00935DC2 /* MultipleMeshTest.app */ = {isa = PBXFileReference; explicitFileType = wrapper.application; includeInIndex = 0; path = MultipleMeshTest.app; sourceTree = BUILT_PRODUCTS_DIR; };
		8B6233D827BC791D00935DC2 /* MultipleMeshTestApp.swift */ = {isa = PBXFileReference; lastKnownFileType = sourcecode.swift; path = MultipleMeshTestApp.swift; sourceTree = "<group>"; };
		8B6233DA27BC791D00935DC2 /* ContentView.swift */ = {isa = PBXFileReference; lastKnownFileType = sourcecode.swift; path = ContentView.swift; sourceTree = "<group>"; };
		8B6233DC27BC792000935DC2 /* Assets.xcassets */ = {isa = PBXFileReference; lastKnownFileType = folder.assetcatalog; path = Assets.xcassets; sourceTree = "<group>"; };
		8B6233DF27BC792000935DC2 /* Preview Assets.xcassets */ = {isa = PBXFileReference; lastKnownFileType = folder.assetcatalog; path = "Preview Assets.xcassets"; sourceTree = "<group>"; };
		8B6233E627BC796800935DC2 /* MetalView.swift */ = {isa = PBXFileReference; fileEncoding = 4; lastKnownFileType = sourcecode.swift; path = MetalView.swift; sourceTree = "<group>"; };
		8B6233E827BC79A500935DC2 /* Engine.swift */ = {isa = PBXFileReference; fileEncoding = 4; lastKnownFileType = sourcecode.swift; path = Engine.swift; sourceTree = "<group>"; };
		8B6233EA27BC7AAB00935DC2 /* Shaders.metal */ = {isa = PBXFileReference; lastKnownFileType = sourcecode.metal; path = Shaders.metal; sourceTree = "<group>"; };
		8B6233EC27BCBF2D00935DC2 /* VertexTypes.swift */ = {isa = PBXFileReference; lastKnownFileType = sourcecode.swift; path = VertexTypes.swift; sourceTree = "<group>"; };
		8B6233EE27BCC57E00935DC2 /* MetalData.swift */ = {isa = PBXFileReference; lastKnownFileType = sourcecode.swift; path = MetalData.swift; sourceTree = "<group>"; };
		8B6233F027BDE19800935DC2 /* picture.png */ = {isa = PBXFileReference; lastKnownFileType = image.png; path = picture.png; sourceTree = "<group>"; };
		8B6233F227BDE7C400935DC2 /* bike.png */ = {isa = PBXFileReference; lastKnownFileType = image.png; path = bike.png; sourceTree = "<group>"; };
		8B6233F427BDF1E800935DC2 /* giraffe.png */ = {isa = PBXFileReference; lastKnownFileType = image.png; path = giraffe.png; sourceTree = "<group>"; };
		8B6233F627BE178500935DC2 /* ContentTypes.swift */ = {isa = PBXFileReference; lastKnownFileType = sourcecode.swift; path = ContentTypes.swift; sourceTree = "<group>"; };
		8B6233F827BE17E400935DC2 /* MetalView+Gesture.swift */ = {isa = PBXFileReference; fileEncoding = 4; lastKnownFileType = sourcecode.swift; path = "MetalView+Gesture.swift"; sourceTree = "<group>"; };
/* End PBXFileReference section */

/* Begin PBXFrameworksBuildPhase section */
		8B6233D227BC791D00935DC2 /* Frameworks */ = {
			isa = PBXFrameworksBuildPhase;
			buildActionMask = 2147483647;
			files = (
			);
			runOnlyForDeploymentPostprocessing = 0;
		};
/* End PBXFrameworksBuildPhase section */

/* Begin PBXGroup section */
		8B6233CC27BC791D00935DC2 = {
			isa = PBXGroup;
			children = (
				8B6233D727BC791D00935DC2 /* MultipleMeshTest */,
				8B6233D627BC791D00935DC2 /* Products */,
			);
			sourceTree = "<group>";
		};
		8B6233D627BC791D00935DC2 /* Products */ = {
			isa = PBXGroup;
			children = (
				8B6233D527BC791D00935DC2 /* MultipleMeshTest.app */,
			);
			name = Products;
			sourceTree = "<group>";
		};
		8B6233D727BC791D00935DC2 /* MultipleMeshTest */ = {
			isa = PBXGroup;
			children = (
				8B6233FA27BE1FCC00935DC2 /* MetalView */,
				8B6233D827BC791D00935DC2 /* MultipleMeshTestApp.swift */,
				8B6233DA27BC791D00935DC2 /* ContentView.swift */,
				8B6233DC27BC792000935DC2 /* Assets.xcassets */,
				8B6233F027BDE19800935DC2 /* picture.png */,
				8B6233F227BDE7C400935DC2 /* bike.png */,
				8B6233F427BDF1E800935DC2 /* giraffe.png */,
				8B6233DE27BC792000935DC2 /* Preview Content */,
			);
			path = MultipleMeshTest;
			sourceTree = "<group>";
		};
		8B6233DE27BC792000935DC2 /* Preview Content */ = {
			isa = PBXGroup;
			children = (
				8B6233DF27BC792000935DC2 /* Preview Assets.xcassets */,
			);
			path = "Preview Content";
			sourceTree = "<group>";
		};
		8B6233FA27BE1FCC00935DC2 /* MetalView */ = {
			isa = PBXGroup;
			children = (
				8B6233E627BC796800935DC2 /* MetalView.swift */,
				8B6233F827BE17E400935DC2 /* MetalView+Gesture.swift */,
				8B6233E827BC79A500935DC2 /* Engine.swift */,
				8B6233F627BE178500935DC2 /* ContentTypes.swift */,
				8B6233EE27BCC57E00935DC2 /* MetalData.swift */,
				8B6233EC27BCBF2D00935DC2 /* VertexTypes.swift */,
				8B6233EA27BC7AAB00935DC2 /* Shaders.metal */,
			);
			path = MetalView;
			sourceTree = "<group>";
		};
/* End PBXGroup section */

/* Begin PBXNativeTarget section */
		8B6233D427BC791D00935DC2 /* MultipleMeshTest */ = {
			isa = PBXNativeTarget;
			buildConfigurationList = 8B6233E327BC792000935DC2 /* Build configuration list for PBXNativeTarget "MultipleMeshTest" */;
			buildPhases = (
				8B6233D127BC791D00935DC2 /* Sources */,
				8B6233D227BC791D00935DC2 /* Frameworks */,
				8B6233D327BC791D00935DC2 /* Resources */,
			);
			buildRules = (
			);
			dependencies = (
			);
			name = MultipleMeshTest;
			productName = MultipleMeshTest;
			productReference = 8B6233D527BC791D00935DC2 /* MultipleMeshTest.app */;
			productType = "com.apple.product-type.application";
		};
/* End PBXNativeTarget section */

/* Begin PBXProject section */
		8B6233CD27BC791D00935DC2 /* Project object */ = {
			isa = PBXProject;
			attributes = {
				BuildIndependentTargetsInParallel = 1;
				LastSwiftUpdateCheck = 1320;
				LastUpgradeCheck = 1320;
				TargetAttributes = {
					8B6233D427BC791D00935DC2 = {
						CreatedOnToolsVersion = 13.2.1;
					};
				};
			};
			buildConfigurationList = 8B6233D027BC791D00935DC2 /* Build configuration list for PBXProject "MultipleMeshTest" */;
			compatibilityVersion = "Xcode 13.0";
			developmentRegion = en;
			hasScannedForEncodings = 0;
			knownRegions = (
				en,
				Base,
			);
			mainGroup = 8B6233CC27BC791D00935DC2;
			productRefGroup = 8B6233D627BC791D00935DC2 /* Products */;
			projectDirPath = "";
			projectRoot = "";
			targets = (
				8B6233D427BC791D00935DC2 /* MultipleMeshTest */,
			);
		};
/* End PBXProject section */

/* Begin PBXResourcesBuildPhase section */
		8B6233D327BC791D00935DC2 /* Resources */ = {
			isa = PBXResourcesBuildPhase;
			buildActionMask = 2147483647;
			files = (
				8B6233F527BDF1E800935DC2 /* giraffe.png in Resources */,
				8B6233E027BC792000935DC2 /* Preview Assets.xcassets in Resources */,
				8B6233DD27BC792000935DC2 /* Assets.xcassets in Resources */,
				8B6233F327BDE7C400935DC2 /* bike.png in Resources */,
				8B6233F127BDE19800935DC2 /* picture.png in Resources */,
			);
			runOnlyForDeploymentPostprocessing = 0;
		};
/* End PBXResourcesBuildPhase section */

/* Begin PBXSourcesBuildPhase section */
		8B6233D127BC791D00935DC2 /* Sources */ = {
			isa = PBXSourcesBuildPhase;
			buildActionMask = 2147483647;
			files = (
				8B6233F927BE17E400935DC2 /* MetalView+Gesture.swift in Sources */,
				8B6233EF27BCC57E00935DC2 /* MetalData.swift in Sources */,
				8B6233E727BC796800935DC2 /* MetalView.swift in Sources */,
				8B6233E927BC79A500935DC2 /* Engine.swift in Sources */,
				8B6233DB27BC791D00935DC2 /* ContentView.swift in Sources */,
				8B6233ED27BCBF2D00935DC2 /* VertexTypes.swift in Sources */,
				8B6233F727BE178500935DC2 /* ContentTypes.swift in Sources */,
				8B6233D927BC791D00935DC2 /* MultipleMeshTestApp.swift in Sources */,
				8B6233EB27BC7AAB00935DC2 /* Shaders.metal in Sources */,
			);
			runOnlyForDeploymentPostprocessing = 0;
		};
/* End PBXSourcesBuildPhase section */

/* Begin XCBuildConfiguration section */
		8B6233E127BC792000935DC2 /* Debug */ = {
			isa = XCBuildConfiguration;
			buildSettings = {
				ALWAYS_SEARCH_USER_PATHS = NO;
				CLANG_ANALYZER_NONNULL = YES;
				CLANG_ANALYZER_NUMBER_OBJECT_CONVERSION = YES_AGGRESSIVE;
				CLANG_CXX_LANGUAGE_STANDARD = "gnu++17";
				CLANG_CXX_LIBRARY = "libc++";
				CLANG_ENABLE_MODULES = YES;
				CLANG_ENABLE_OBJC_ARC = YES;
				CLANG_ENABLE_OBJC_WEAK = YES;
				CLANG_WARN_BLOCK_CAPTURE_AUTORELEASING = YES;
				CLANG_WARN_BOOL_CONVERSION = YES;
				CLANG_WARN_COMMA = YES;
				CLANG_WARN_CONSTANT_CONVERSION = YES;
				CLANG_WARN_DEPRECATED_OBJC_IMPLEMENTATIONS = YES;
				CLANG_WARN_DIRECT_OBJC_ISA_USAGE = YES_ERROR;
				CLANG_WARN_DOCUMENTATION_COMMENTS = YES;
				CLANG_WARN_EMPTY_BODY = YES;
				CLANG_WARN_ENUM_CONVERSION = YES;
				CLANG_WARN_INFINITE_RECURSION = YES;
				CLANG_WARN_INT_CONVERSION = YES;
				CLANG_WARN_NON_LITERAL_NULL_CONVERSION = YES;
				CLANG_WARN_OBJC_IMPLICIT_RETAIN_SELF = YES;
				CLANG_WARN_OBJC_LITERAL_CONVERSION = YES;
				CLANG_WARN_OBJC_ROOT_CLASS = YES_ERROR;
				CLANG_WARN_QUOTED_INCLUDE_IN_FRAMEWORK_HEADER = YES;
				CLANG_WARN_RANGE_LOOP_ANALYSIS = YES;
				CLANG_WARN_STRICT_PROTOTYPES = YES;
				CLANG_WARN_SUSPICIOUS_MOVE = YES;
				CLANG_WARN_UNGUARDED_AVAILABILITY = YES_AGGRESSIVE;
				CLANG_WARN_UNREACHABLE_CODE = YES;
				CLANG_WARN__DUPLICATE_METHOD_MATCH = YES;
				COPY_PHASE_STRIP = NO;
				DEBUG_INFORMATION_FORMAT = dwarf;
				ENABLE_STRICT_OBJC_MSGSEND = YES;
				ENABLE_TESTABILITY = YES;
				GCC_C_LANGUAGE_STANDARD = gnu11;
				GCC_DYNAMIC_NO_PIC = NO;
				GCC_NO_COMMON_BLOCKS = YES;
				GCC_OPTIMIZATION_LEVEL = 0;
				GCC_PREPROCESSOR_DEFINITIONS = (
					"DEBUG=1",
					"$(inherited)",
				);
				GCC_WARN_64_TO_32_BIT_CONVERSION = YES;
				GCC_WARN_ABOUT_RETURN_TYPE = YES_ERROR;
				GCC_WARN_UNDECLARED_SELECTOR = YES;
				GCC_WARN_UNINITIALIZED_AUTOS = YES_AGGRESSIVE;
				GCC_WARN_UNUSED_FUNCTION = YES;
				GCC_WARN_UNUSED_VARIABLE = YES;
				IPHONEOS_DEPLOYMENT_TARGET = 15.2;
				MTL_ENABLE_DEBUG_INFO = INCLUDE_SOURCE;
				MTL_FAST_MATH = YES;
				ONLY_ACTIVE_ARCH = YES;
				SDKROOT = iphoneos;
				SWIFT_ACTIVE_COMPILATION_CONDITIONS = DEBUG;
				SWIFT_OPTIMIZATION_LEVEL = "-Onone";
			};
			name = Debug;
		};
		8B6233E227BC792000935DC2 /* Release */ = {
			isa = XCBuildConfiguration;
			buildSettings = {
				ALWAYS_SEARCH_USER_PATHS = NO;
				CLANG_ANALYZER_NONNULL = YES;
				CLANG_ANALYZER_NUMBER_OBJECT_CONVERSION = YES_AGGRESSIVE;
				CLANG_CXX_LANGUAGE_STANDARD = "gnu++17";
				CLANG_CXX_LIBRARY = "libc++";
				CLANG_ENABLE_MODULES = YES;
				CLANG_ENABLE_OBJC_ARC = YES;
				CLANG_ENABLE_OBJC_WEAK = YES;
				CLANG_WARN_BLOCK_CAPTURE_AUTORELEASING = YES;
				CLANG_WARN_BOOL_CONVERSION = YES;
				CLANG_WARN_COMMA = YES;
				CLANG_WARN_CONSTANT_CONVERSION = YES;
				CLANG_WARN_DEPRECATED_OBJC_IMPLEMENTATIONS = YES;
				CLANG_WARN_DIRECT_OBJC_ISA_USAGE = YES_ERROR;
				CLANG_WARN_DOCUMENTATION_COMMENTS = YES;
				CLANG_WARN_EMPTY_BODY = YES;
				CLANG_WARN_ENUM_CONVERSION = YES;
				CLANG_WARN_INFINITE_RECURSION = YES;
				CLANG_WARN_INT_CONVERSION = YES;
				CLANG_WARN_NON_LITERAL_NULL_CONVERSION = YES;
				CLANG_WARN_OBJC_IMPLICIT_RETAIN_SELF = YES;
				CLANG_WARN_OBJC_LITERAL_CONVERSION = YES;
				CLANG_WARN_OBJC_ROOT_CLASS = YES_ERROR;
				CLANG_WARN_QUOTED_INCLUDE_IN_FRAMEWORK_HEADER = YES;
				CLANG_WARN_RANGE_LOOP_ANALYSIS = YES;
				CLANG_WARN_STRICT_PROTOTYPES = YES;
				CLANG_WARN_SUSPICIOUS_MOVE = YES;
				CLANG_WARN_UNGUARDED_AVAILABILITY = YES_AGGRESSIVE;
				CLANG_WARN_UNREACHABLE_CODE = YES;
				CLANG_WARN__DUPLICATE_METHOD_MATCH = YES;
				COPY_PHASE_STRIP = NO;
				DEBUG_INFORMATION_FORMAT = "dwarf-with-dsym";
				ENABLE_NS_ASSERTIONS = NO;
				ENABLE_STRICT_OBJC_MSGSEND = YES;
				GCC_C_LANGUAGE_STANDARD = gnu11;
				GCC_NO_COMMON_BLOCKS = YES;
				GCC_WARN_64_TO_32_BIT_CONVERSION = YES;
				GCC_WARN_ABOUT_RETURN_TYPE = YES_ERROR;
				GCC_WARN_UNDECLARED_SELECTOR = YES;
				GCC_WARN_UNINITIALIZED_AUTOS = YES_AGGRESSIVE;
				GCC_WARN_UNUSED_FUNCTION = YES;
				GCC_WARN_UNUSED_VARIABLE = YES;
				IPHONEOS_DEPLOYMENT_TARGET = 15.2;
				MTL_ENABLE_DEBUG_INFO = NO;
				MTL_FAST_MATH = YES;
				SDKROOT = iphoneos;
				SWIFT_COMPILATION_MODE = wholemodule;
				SWIFT_OPTIMIZATION_LEVEL = "-O";
				VALIDATE_PRODUCT = YES;
			};
			name = Release;
		};
		8B6233E427BC792000935DC2 /* Debug */ = {
			isa = XCBuildConfiguration;
			buildSettings = {
				ASSETCATALOG_COMPILER_APPICON_NAME = AppIcon;
				ASSETCATALOG_COMPILER_GLOBAL_ACCENT_COLOR_NAME = AccentColor;
				CODE_SIGN_STYLE = Automatic;
				CURRENT_PROJECT_VERSION = 1;
				DEVELOPMENT_ASSET_PATHS = "\"MultipleMeshTest/Preview Content\"";
				DEVELOPMENT_TEAM = L5BRL8USGZ;
				ENABLE_PREVIEWS = YES;
				GENERATE_INFOPLIST_FILE = YES;
				INFOPLIST_KEY_UIApplicationSceneManifest_Generation = YES;
				INFOPLIST_KEY_UIApplicationSupportsIndirectInputEvents = YES;
				INFOPLIST_KEY_UILaunchScreen_Generation = YES;
				INFOPLIST_KEY_UISupportedInterfaceOrientations = UIInterfaceOrientationPortrait;
				INFOPLIST_KEY_UISupportedInterfaceOrientations_iPad = "UIInterfaceOrientationPortrait UIInterfaceOrientationPortraitUpsideDown UIInterfaceOrientationLandscapeLeft UIInterfaceOrientationLandscapeRight";
				INFOPLIST_KEY_UISupportedInterfaceOrientations_iPhone = "UIInterfaceOrientationPortrait UIInterfaceOrientationLandscapeLeft UIInterfaceOrientationLandscapeRight";
				LD_RUNPATH_SEARCH_PATHS = (
					"$(inherited)",
					"@executable_path/Frameworks",
				);
				MARKETING_VERSION = 1.0;
				PRODUCT_BUNDLE_IDENTIFIER = bwjeong.MultipleMeshTest;
				PRODUCT_NAME = "$(TARGET_NAME)";
				SWIFT_EMIT_LOC_STRINGS = YES;
				SWIFT_VERSION = 5.0;
				TARGETED_DEVICE_FAMILY = "1,2";
			};
			name = Debug;
		};
		8B6233E527BC792000935DC2 /* Release */ = {
			isa = XCBuildConfiguration;
			buildSettings = {
				ASSETCATALOG_COMPILER_APPICON_NAME = AppIcon;
				ASSETCATALOG_COMPILER_GLOBAL_ACCENT_COLOR_NAME = AccentColor;
				CODE_SIGN_STYLE = Automatic;
				CURRENT_PROJECT_VERSION = 1;
				DEVELOPMENT_ASSET_PATHS = "\"MultipleMeshTest/Preview Content\"";
				DEVELOPMENT_TEAM = L5BRL8USGZ;
				ENABLE_PREVIEWS = YES;
				GENERATE_INFOPLIST_FILE = YES;
				INFOPLIST_KEY_UIApplicationSceneManifest_Generation = YES;
				INFOPLIST_KEY_UIApplicationSupportsIndirectInputEvents = YES;
				INFOPLIST_KEY_UILaunchScreen_Generation = YES;
				INFOPLIST_KEY_UISupportedInterfaceOrientations = UIInterfaceOrientationPortrait;
				INFOPLIST_KEY_UISupportedInterfaceOrientations_iPad = "UIInterfaceOrientationPortrait UIInterfaceOrientationPortraitUpsideDown UIInterfaceOrientationLandscapeLeft UIInterfaceOrientationLandscapeRight";
				INFOPLIST_KEY_UISupportedInterfaceOrientations_iPhone = "UIInterfaceOrientationPortrait UIInterfaceOrientationLandscapeLeft UIInterfaceOrientationLandscapeRight";
				LD_RUNPATH_SEARCH_PATHS = (
					"$(inherited)",
					"@executable_path/Frameworks",
				);
				MARKETING_VERSION = 1.0;
				PRODUCT_BUNDLE_IDENTIFIER = bwjeong.MultipleMeshTest;
				PRODUCT_NAME = "$(TARGET_NAME)";
				SWIFT_EMIT_LOC_STRINGS = YES;
				SWIFT_VERSION = 5.0;
				TARGETED_DEVICE_FAMILY = "1,2";
			};
			name = Release;
		};
/* End XCBuildConfiguration section */

/* Begin XCConfigurationList section */
		8B6233D027BC791D00935DC2 /* Build configuration list for PBXProject "MultipleMeshTest" */ = {
			isa = XCConfigurationList;
			buildConfigurations = (
				8B6233E127BC792000935DC2 /* Debug */,
				8B6233E227BC792000935DC2 /* Release */,
			);
			defaultConfigurationIsVisible = 0;
			defaultConfigurationName = Release;
		};
		8B6233E327BC792000935DC2 /* Build configuration list for PBXNativeTarget "MultipleMeshTest" */ = {
			isa = XCConfigurationList;
			buildConfigurations = (
				8B6233E427BC792000935DC2 /* Debug */,
				8B6233E527BC792000935DC2 /* Release */,
			);
			defaultConfigurationIsVisible = 0;
			defaultConfigurationName = Release;
		};
/* End XCConfigurationList section */
	};
	rootObject = 8B6233CD27BC791D00935DC2 /* Project object */;
}
